
Microsoft Visual Studio Solution File, Format Version 12.00
# Visual Studio Version 17
VisualStudioVersion = 17.5.33516.290
MinimumVisualStudioVersion = 10.0.40219.1
Project("{FAE04EC0-301F-11D3-BF4B-00C04F79EFBC}") = "proiect_securitate", "proiect_securitate.csproj", "{BD8A6D7B-1BA4-4A5A-A2CF-CA183A73ECA4}"
EndProject
Global
	GlobalSection(SolutionConfigurationPlatforms) = preSolution
		Debug|Any CPU = Debug|Any CPU
		Release|Any CPU = Release|Any CPU
	EndGlobalSection
	GlobalSection(ProjectConfigurationPlatforms) = postSolution
		{BD8A6D7B-1BA4-4A5A-A2CF-CA183A73ECA4}.Debug|Any CPU.ActiveCfg = Debug|Any CPU
		{BD8A6D7B-1BA4-4A5A-A2CF-CA183A73ECA4}.Debug|Any CPU.Build.0 = Debug|Any CPU
		{BD8A6D7B-1BA4-4A5A-A2CF-CA183A73ECA4}.Release|Any CPU.ActiveCfg = Release|Any CPU
		{BD8A6D7B-1BA4-4A5A-A2CF-CA183A73ECA4}.Release|Any CPU.Build.0 = Release|Any CPU
	EndGlobalSection
	GlobalSection(SolutionProperties) = preSolution
		HideSolutionNode = FALSE
	EndGlobalSection
	GlobalSection(ExtensibilityGlobals) = postSolution
		SolutionGuid = {8BAF2DE4-C718-45F1-9AA2-F78A51C9B011}
	EndGlobalSection
EndGlobal
